// !$*UTF8*$!
{
	archiveVersion = 1;
	classes = {
	};
	objectVersion = 48;
	objects = {

/* Begin PBXBuildFile section */
		CC39DC9A378248C237E8325F /* libPods-HelloRecogition.a in Frameworks */ = {isa = PBXBuildFile; fileRef = 23203F38C16EFF40F16A4E85 /* libPods-HelloRecogition.a */; };
		CD979AAD216DD0FD009E43C3 /* UIViewController+NNUMengEvent.m in Sources */ = {isa = PBXBuildFile; fileRef = CD979AAB216DD0FD009E43C3 /* UIViewController+NNUMengEvent.m */; };
		CD979AB0216DD175009E43C3 /* UIImage+FEBoxBlur.m in Sources */ = {isa = PBXBuildFile; fileRef = CD979AAF216DD175009E43C3 /* UIImage+FEBoxBlur.m */; };
		CD979AB4216DD25F009E43C3 /* NSDate+MJ.m in Sources */ = {isa = PBXBuildFile; fileRef = CD979AB3216DD25F009E43C3 /* NSDate+MJ.m */; };
		CD979ADA216DD2C0009E43C3 /* CodeScan.bundle in Resources */ = {isa = PBXBuildFile; fileRef = CD979AB6216DD2C0009E43C3 /* CodeScan.bundle */; };
		CD979ADB216DD2C0009E43C3 /* NNScanNetAnimation.m in Sources */ = {isa = PBXBuildFile; fileRef = CD979AB7216DD2C0009E43C3 /* NNScanNetAnimation.m */; };
		CD979ADC216DD2C0009E43C3 /* NNQRCodeScanner.m in Sources */ = {isa = PBXBuildFile; fileRef = CD979AB8216DD2C0009E43C3 /* NNQRCodeScanner.m */; };
		CD979ADD216DD2C0009E43C3 /* NNScanView.m in Sources */ = {isa = PBXBuildFile; fileRef = CD979ABA216DD2C0009E43C3 /* NNScanView.m */; };
		CD979ADE216DD2C0009E43C3 /* NNScanLineAnimation.m in Sources */ = {isa = PBXBuildFile; fileRef = CD979ABC216DD2C0009E43C3 /* NNScanLineAnimation.m */; };
		CD979ADF216DD2C0009E43C3 /* NNScanVideoZoomView.m in Sources */ = {isa = PBXBuildFile; fileRef = CD979ABD216DD2C0009E43C3 /* NNScanVideoZoomView.m */; };
		CD979AE0216DD2C0009E43C3 /* NNScanViewStyle.m in Sources */ = {isa = PBXBuildFile; fileRef = CD979ABF216DD2C0009E43C3 /* NNScanViewStyle.m */; };
		CD979AE1216DD2C0009E43C3 /* NNScanBaseController.m in Sources */ = {isa = PBXBuildFile; fileRef = CD979AC0216DD2C0009E43C3 /* NNScanBaseController.m */; };
		CD979AE2216DD2C0009E43C3 /* NNScanStyle.m in Sources */ = {isa = PBXBuildFile; fileRef = CD979AC4216DD2C0009E43C3 /* NNScanStyle.m */; };
		CD979AE3216DD2C0009E43C3 /* NNScannerResult.m in Sources */ = {isa = PBXBuildFile; fileRef = CD979AC5216DD2C0009E43C3 /* NNScannerResult.m */; };
		CD979AE4216DD2C0009E43C3 /* nn_beep.m4a in Resources */ = {isa = PBXBuildFile; fileRef = CD979AC9216DD2C0009E43C3 /* nn_beep.m4a */; };
		CD979AE5216DD2C0009E43C3 /* bitstream.c in Sources */ = {isa = PBXBuildFile; fileRef = CD979ACD216DD2C0009E43C3 /* bitstream.c */; };
		CD979AE6216DD2C0009E43C3 /* qrencode.c in Sources */ = {isa = PBXBuildFile; fileRef = CD979ACE216DD2C0009E43C3 /* qrencode.c */; };
		CD979AE7216DD2C0009E43C3 /* split.c in Sources */ = {isa = PBXBuildFile; fileRef = CD979AD0216DD2C0009E43C3 /* split.c */; };
		CD979AE8216DD2C0009E43C3 /* qrinput.c in Sources */ = {isa = PBXBuildFile; fileRef = CD979AD2216DD2C0009E43C3 /* qrinput.c */; };
		CD979AE9216DD2C0009E43C3 /* mask.c in Sources */ = {isa = PBXBuildFile; fileRef = CD979AD4216DD2C0009E43C3 /* mask.c */; };
		CD979AEA216DD2C0009E43C3 /* qrspec.c in Sources */ = {isa = PBXBuildFile; fileRef = CD979AD5216DD2C0009E43C3 /* qrspec.c */; };
		CD979AEB216DD2C0009E43C3 /* rscode.c in Sources */ = {isa = PBXBuildFile; fileRef = CD979AD8216DD2C0009E43C3 /* rscode.c */; };
		CD979AEF216DD33D009E43C3 /* NNQRScannerController.m in Sources */ = {isa = PBXBuildFile; fileRef = CD979AEE216DD33D009E43C3 /* NNQRScannerController.m */; };
		CD979AF2216DD479009E43C3 /* UIResponder+Router.m in Sources */ = {isa = PBXBuildFile; fileRef = CD979AF1216DD479009E43C3 /* UIResponder+Router.m */; };
		CDE6B80B1FD4E6AC00003634 /* AppDelegate.m in Sources */ = {isa = PBXBuildFile; fileRef = CDE6B80A1FD4E6AC00003634 /* AppDelegate.m */; };
		CDE6B80E1FD4E6AC00003634 /* ViewController.m in Sources */ = {isa = PBXBuildFile; fileRef = CDE6B80D1FD4E6AC00003634 /* ViewController.m */; };
		CDE6B8111FD4E6AC00003634 /* Main.storyboard in Resources */ = {isa = PBXBuildFile; fileRef = CDE6B80F1FD4E6AC00003634 /* Main.storyboard */; };
		CDE6B8131FD4E6AC00003634 /* Assets.xcassets in Resources */ = {isa = PBXBuildFile; fileRef = CDE6B8121FD4E6AC00003634 /* Assets.xcassets */; };
		CDE6B8161FD4E6AC00003634 /* LaunchScreen.storyboard in Resources */ = {isa = PBXBuildFile; fileRef = CDE6B8141FD4E6AC00003634 /* LaunchScreen.storyboard */; };
		CDE6B8191FD4E6AC00003634 /* main.m in Sources */ = {isa = PBXBuildFile; fileRef = CDE6B8181FD4E6AC00003634 /* main.m */; };
		CDE6B8231FD4E6AD00003634 /* HelloRecogitionTests.m in Sources */ = {isa = PBXBuildFile; fileRef = CDE6B8221FD4E6AD00003634 /* HelloRecogitionTests.m */; };
		CDE6B82E1FD4E6AD00003634 /* HelloRecogitionUITests.m in Sources */ = {isa = PBXBuildFile; fileRef = CDE6B82D1FD4E6AD00003634 /* HelloRecogitionUITests.m */; };
/* End PBXBuildFile section */

/* Begin PBXContainerItemProxy section */
		CDE6B81F1FD4E6AD00003634 /* PBXContainerItemProxy */ = {
			isa = PBXContainerItemProxy;
			containerPortal = CDE6B7FE1FD4E6AC00003634 /* Project object */;
			proxyType = 1;
			remoteGlobalIDString = CDE6B8051FD4E6AC00003634;
			remoteInfo = HelloRecogition;
		};
		CDE6B82A1FD4E6AD00003634 /* PBXContainerItemProxy */ = {
			isa = PBXContainerItemProxy;
			containerPortal = CDE6B7FE1FD4E6AC00003634 /* Project object */;
			proxyType = 1;
			remoteGlobalIDString = CDE6B8051FD4E6AC00003634;
			remoteInfo = HelloRecogition;
		};
/* End PBXContainerItemProxy section */

/* Begin PBXFileReference section */
		23203F38C16EFF40F16A4E85 /* libPods-HelloRecogition.a */ = {isa = PBXFileReference; explicitFileType = archive.ar; includeInIndex = 0; path = "libPods-HelloRecogition.a"; sourceTree = BUILT_PRODUCTS_DIR; };
		55E0990D85C3EBB08F1B7509 /* Pods-HelloRecogition.debug.xcconfig */ = {isa = PBXFileReference; includeInIndex = 1; lastKnownFileType = text.xcconfig; name = "Pods-HelloRecogition.debug.xcconfig"; path = "Pods/Target Support Files/Pods-HelloRecogition/Pods-HelloRecogition.debug.xcconfig"; sourceTree = "<group>"; };
		93F84EBE8DADDEAFD41CD86D /* Pods-HelloRecogition.release.xcconfig */ = {isa = PBXFileReference; includeInIndex = 1; lastKnownFileType = text.xcconfig; name = "Pods-HelloRecogition.release.xcconfig"; path = "Pods/Target Support Files/Pods-HelloRecogition/Pods-HelloRecogition.release.xcconfig"; sourceTree = "<group>"; };
		CD27606A1FD4EF960053D131 /* PrefixHeader.pch */ = {isa = PBXFileReference; lastKnownFileType = sourcecode.c.h; path = PrefixHeader.pch; sourceTree = "<group>"; };
		CD27608F1FD673200053D131 /* SecurityUtil.m */ = {isa = PBXFileReference; lastKnownFileType = sourcecode.c.objc; path = SecurityUtil.m; sourceTree = "<group>"; };
		CD2760901FD673200053D131 /* SecurityUtil.h */ = {isa = PBXFileReference; lastKnownFileType = sourcecode.c.h; path = SecurityUtil.h; sourceTree = "<group>"; };
		CD2760911FD6734A0053D131 /* NSString+MD5.h */ = {isa = PBXFileReference; lastKnownFileType = sourcecode.c.h; path = "NSString+MD5.h"; sourceTree = "<group>"; };
		CD2760921FD6734B0053D131 /* NSString+MD5.m */ = {isa = PBXFileReference; lastKnownFileType = sourcecode.c.objc; path = "NSString+MD5.m"; sourceTree = "<group>"; };
		CD2760931FD6734B0053D131 /* NSString+AES.h */ = {isa = PBXFileReference; lastKnownFileType = sourcecode.c.h; path = "NSString+AES.h"; sourceTree = "<group>"; };
		CD2760941FD6734B0053D131 /* NSData+AES.h */ = {isa = PBXFileReference; lastKnownFileType = sourcecode.c.h; path = "NSData+AES.h"; sourceTree = "<group>"; };
		CD2760951FD6734B0053D131 /* NSString+AES.m */ = {isa = PBXFileReference; lastKnownFileType = sourcecode.c.objc; path = "NSString+AES.m"; sourceTree = "<group>"; };
		CD2760961FD6734B0053D131 /* NSData+AES.m */ = {isa = PBXFileReference; lastKnownFileType = sourcecode.c.objc; path = "NSData+AES.m"; sourceTree = "<group>"; };
		CD2760A41FDA29210053D131 /* NSDictionary+JSON.m */ = {isa = PBXFileReference; lastKnownFileType = sourcecode.c.objc; path = "NSDictionary+JSON.m"; sourceTree = "<group>"; };
		CD2760A51FDA29210053D131 /* NSDictionary+JSON.h */ = {isa = PBXFileReference; lastKnownFileType = sourcecode.c.h; path = "NSDictionary+JSON.h"; sourceTree = "<group>"; };
		CD2760A71FDA2E340053D131 /* AFNetworkReachabilityManager+NNNetMonitor.m */ = {isa = PBXFileReference; lastKnownFileType = sourcecode.c.objc; path = "AFNetworkReachabilityManager+NNNetMonitor.m"; sourceTree = "<group>"; };
		CD2760A81FDA2E340053D131 /* AFNetworkReachabilityManager+NNNetMonitor.h */ = {isa = PBXFileReference; lastKnownFileType = sourcecode.c.h; path = "AFNetworkReachabilityManager+NNNetMonitor.h"; sourceTree = "<group>"; };
		CD979AAB216DD0FD009E43C3 /* UIViewController+NNUMengEvent.m */ = {isa = PBXFileReference; fileEncoding = 4; lastKnownFileType = sourcecode.c.objc; path = "UIViewController+NNUMengEvent.m"; sourceTree = "<group>"; };
		CD979AAC216DD0FD009E43C3 /* UIViewController+NNUMengEvent.h */ = {isa = PBXFileReference; fileEncoding = 4; lastKnownFileType = sourcecode.c.h; path = "UIViewController+NNUMengEvent.h"; sourceTree = "<group>"; };
		CD979AAE216DD175009E43C3 /* UIImage+FEBoxBlur.h */ = {isa = PBXFileReference; fileEncoding = 4; lastKnownFileType = sourcecode.c.h; path = "UIImage+FEBoxBlur.h"; sourceTree = "<group>"; };
		CD979AAF216DD175009E43C3 /* UIImage+FEBoxBlur.m */ = {isa = PBXFileReference; fileEncoding = 4; lastKnownFileType = sourcecode.c.objc; path = "UIImage+FEBoxBlur.m"; sourceTree = "<group>"; };
		CD979AB2216DD25F009E43C3 /* NSDate+MJ.h */ = {isa = PBXFileReference; fileEncoding = 4; lastKnownFileType = sourcecode.c.h; path = "NSDate+MJ.h"; sourceTree = "<group>"; };
		CD979AB3216DD25F009E43C3 /* NSDate+MJ.m */ = {isa = PBXFileReference; fileEncoding = 4; lastKnownFileType = sourcecode.c.objc; path = "NSDate+MJ.m"; sourceTree = "<group>"; };
		CD979AB6216DD2C0009E43C3 /* CodeScan.bundle */ = {isa = PBXFileReference; lastKnownFileType = "wrapper.plug-in"; path = CodeScan.bundle; sourceTree = "<group>"; };
		CD979AB7216DD2C0009E43C3 /* NNScanNetAnimation.m */ = {isa = PBXFileReference; fileEncoding = 4; lastKnownFileType = sourcecode.c.objc; path = NNScanNetAnimation.m; sourceTree = "<group>"; };
		CD979AB8216DD2C0009E43C3 /* NNQRCodeScanner.m */ = {isa = PBXFileReference; fileEncoding = 4; lastKnownFileType = sourcecode.c.objc; path = NNQRCodeScanner.m; sourceTree = "<group>"; };
		CD979AB9216DD2C0009E43C3 /* NNScanBaseController.h */ = {isa = PBXFileReference; fileEncoding = 4; lastKnownFileType = sourcecode.c.h; path = NNScanBaseController.h; sourceTree = "<group>"; };
		CD979ABA216DD2C0009E43C3 /* NNScanView.m */ = {isa = PBXFileReference; fileEncoding = 4; lastKnownFileType = sourcecode.c.objc; path = NNScanView.m; sourceTree = "<group>"; };
		CD979ABB216DD2C0009E43C3 /* NNScanStyle.h */ = {isa = PBXFileReference; fileEncoding = 4; lastKnownFileType = sourcecode.c.h; path = NNScanStyle.h; sourceTree = "<group>"; };
		CD979ABC216DD2C0009E43C3 /* NNScanLineAnimation.m */ = {isa = PBXFileReference; fileEncoding = 4; lastKnownFileType = sourcecode.c.objc; path = NNScanLineAnimation.m; sourceTree = "<group>"; };
		CD979ABD216DD2C0009E43C3 /* NNScanVideoZoomView.m */ = {isa = PBXFileReference; fileEncoding = 4; lastKnownFileType = sourcecode.c.objc; path = NNScanVideoZoomView.m; sourceTree = "<group>"; };
		CD979ABE216DD2C0009E43C3 /* NNScannerResult.h */ = {isa = PBXFileReference; fileEncoding = 4; lastKnownFileType = sourcecode.c.h; path = NNScannerResult.h; sourceTree = "<group>"; };
		CD979ABF216DD2C0009E43C3 /* NNScanViewStyle.m */ = {isa = PBXFileReference; fileEncoding = 4; lastKnownFileType = sourcecode.c.objc; path = NNScanViewStyle.m; sourceTree = "<group>"; };
		CD979AC0216DD2C0009E43C3 /* NNScanBaseController.m */ = {isa = PBXFileReference; fileEncoding = 4; lastKnownFileType = sourcecode.c.objc; path = NNScanBaseController.m; sourceTree = "<group>"; };
		CD979AC1216DD2C0009E43C3 /* NNQRCodeScanner.h */ = {isa = PBXFileReference; fileEncoding = 4; lastKnownFileType = sourcecode.c.h; path = NNQRCodeScanner.h; sourceTree = "<group>"; };
		CD979AC2216DD2C0009E43C3 /* NNScanNetAnimation.h */ = {isa = PBXFileReference; fileEncoding = 4; lastKnownFileType = sourcecode.c.h; path = NNScanNetAnimation.h; sourceTree = "<group>"; };
		CD979AC3216DD2C0009E43C3 /* NNScanView.h */ = {isa = PBXFileReference; fileEncoding = 4; lastKnownFileType = sourcecode.c.h; path = NNScanView.h; sourceTree = "<group>"; };
		CD979AC4216DD2C0009E43C3 /* NNScanStyle.m */ = {isa = PBXFileReference; fileEncoding = 4; lastKnownFileType = sourcecode.c.objc; path = NNScanStyle.m; sourceTree = "<group>"; };
		CD979AC5216DD2C0009E43C3 /* NNScannerResult.m */ = {isa = PBXFileReference; fileEncoding = 4; lastKnownFileType = sourcecode.c.objc; path = NNScannerResult.m; sourceTree = "<group>"; };
		CD979AC6216DD2C0009E43C3 /* NNScanVideoZoomView.h */ = {isa = PBXFileReference; fileEncoding = 4; lastKnownFileType = sourcecode.c.h; path = NNScanVideoZoomView.h; sourceTree = "<group>"; };
		CD979AC7216DD2C0009E43C3 /* NNScanLineAnimation.h */ = {isa = PBXFileReference; fileEncoding = 4; lastKnownFileType = sourcecode.c.h; path = NNScanLineAnimation.h; sourceTree = "<group>"; };
		CD979AC9216DD2C0009E43C3 /* nn_beep.m4a */ = {isa = PBXFileReference; lastKnownFileType = file; path = nn_beep.m4a; sourceTree = "<group>"; };
		CD979ACB216DD2C0009E43C3 /* mask.h */ = {isa = PBXFileReference; fileEncoding = 4; lastKnownFileType = sourcecode.c.h; path = mask.h; sourceTree = "<group>"; };
		CD979ACC216DD2C0009E43C3 /* qrinput.h */ = {isa = PBXFileReference; fileEncoding = 4; lastKnownFileType = sourcecode.c.h; path = qrinput.h; sourceTree = "<group>"; };
		CD979ACD216DD2C0009E43C3 /* bitstream.c */ = {isa = PBXFileReference; fileEncoding = 4; lastKnownFileType = sourcecode.c.c; path = bitstream.c; sourceTree = "<group>"; };
		CD979ACE216DD2C0009E43C3 /* qrencode.c */ = {isa = PBXFileReference; fileEncoding = 4; lastKnownFileType = sourcecode.c.c; path = qrencode.c; sourceTree = "<group>"; };
		CD979ACF216DD2C0009E43C3 /* qrspec.h */ = {isa = PBXFileReference; fileEncoding = 4; lastKnownFileType = sourcecode.c.h; path = qrspec.h; sourceTree = "<group>"; };
		CD979AD0216DD2C0009E43C3 /* split.c */ = {isa = PBXFileReference; fileEncoding = 4; lastKnownFileType = sourcecode.c.c; path = split.c; sourceTree = "<group>"; };
		CD979AD1216DD2C0009E43C3 /* rscode.h */ = {isa = PBXFileReference; fileEncoding = 4; lastKnownFileType = sourcecode.c.h; path = rscode.h; sourceTree = "<group>"; };
		CD979AD2216DD2C0009E43C3 /* qrinput.c */ = {isa = PBXFileReference; fileEncoding = 4; lastKnownFileType = sourcecode.c.c; path = qrinput.c; sourceTree = "<group>"; };
		CD979AD3216DD2C0009E43C3 /* bitstream.h */ = {isa = PBXFileReference; fileEncoding = 4; lastKnownFileType = sourcecode.c.h; path = bitstream.h; sourceTree = "<group>"; };
		CD979AD4216DD2C0009E43C3 /* mask.c */ = {isa = PBXFileReference; fileEncoding = 4; lastKnownFileType = sourcecode.c.c; path = mask.c; sourceTree = "<group>"; };
		CD979AD5216DD2C0009E43C3 /* qrspec.c */ = {isa = PBXFileReference; fileEncoding = 4; lastKnownFileType = sourcecode.c.c; path = qrspec.c; sourceTree = "<group>"; };
		CD979AD6216DD2C0009E43C3 /* qrencode.h */ = {isa = PBXFileReference; fileEncoding = 4; lastKnownFileType = sourcecode.c.h; path = qrencode.h; sourceTree = "<group>"; };
		CD979AD7216DD2C0009E43C3 /* split.h */ = {isa = PBXFileReference; fileEncoding = 4; lastKnownFileType = sourcecode.c.h; path = split.h; sourceTree = "<group>"; };
		CD979AD8216DD2C0009E43C3 /* rscode.c */ = {isa = PBXFileReference; fileEncoding = 4; lastKnownFileType = sourcecode.c.c; path = rscode.c; sourceTree = "<group>"; };
		CD979AD9216DD2C0009E43C3 /* NNScanViewStyle.h */ = {isa = PBXFileReference; fileEncoding = 4; lastKnownFileType = sourcecode.c.h; path = NNScanViewStyle.h; sourceTree = "<group>"; };
		CD979AED216DD33D009E43C3 /* NNQRScannerController.h */ = {isa = PBXFileReference; fileEncoding = 4; lastKnownFileType = sourcecode.c.h; path = NNQRScannerController.h; sourceTree = "<group>"; };
		CD979AEE216DD33D009E43C3 /* NNQRScannerController.m */ = {isa = PBXFileReference; fileEncoding = 4; lastKnownFileType = sourcecode.c.objc; path = NNQRScannerController.m; sourceTree = "<group>"; };
		CD979AF0216DD479009E43C3 /* UIResponder+Router.h */ = {isa = PBXFileReference; fileEncoding = 4; lastKnownFileType = sourcecode.c.h; path = "UIResponder+Router.h"; sourceTree = "<group>"; };
		CD979AF1216DD479009E43C3 /* UIResponder+Router.m */ = {isa = PBXFileReference; fileEncoding = 4; lastKnownFileType = sourcecode.c.objc; path = "UIResponder+Router.m"; sourceTree = "<group>"; };
		CDE6B8061FD4E6AC00003634 /* HelloRecogition.app */ = {isa = PBXFileReference; explicitFileType = wrapper.application; includeInIndex = 0; path = HelloRecogition.app; sourceTree = BUILT_PRODUCTS_DIR; };
		CDE6B8091FD4E6AC00003634 /* AppDelegate.h */ = {isa = PBXFileReference; lastKnownFileType = sourcecode.c.h; path = AppDelegate.h; sourceTree = "<group>"; };
		CDE6B80A1FD4E6AC00003634 /* AppDelegate.m */ = {isa = PBXFileReference; lastKnownFileType = sourcecode.c.objc; path = AppDelegate.m; sourceTree = "<group>"; };
		CDE6B80C1FD4E6AC00003634 /* ViewController.h */ = {isa = PBXFileReference; lastKnownFileType = sourcecode.c.h; path = ViewController.h; sourceTree = "<group>"; };
		CDE6B80D1FD4E6AC00003634 /* ViewController.m */ = {isa = PBXFileReference; lastKnownFileType = sourcecode.c.objc; path = ViewController.m; sourceTree = "<group>"; };
		CDE6B8101FD4E6AC00003634 /* Base */ = {isa = PBXFileReference; lastKnownFileType = file.storyboard; name = Base; path = Base.lproj/Main.storyboard; sourceTree = "<group>"; };
		CDE6B8121FD4E6AC00003634 /* Assets.xcassets */ = {isa = PBXFileReference; lastKnownFileType = folder.assetcatalog; path = Assets.xcassets; sourceTree = "<group>"; };
		CDE6B8151FD4E6AC00003634 /* Base */ = {isa = PBXFileReference; lastKnownFileType = file.storyboard; name = Base; path = Base.lproj/LaunchScreen.storyboard; sourceTree = "<group>"; };
		CDE6B8171FD4E6AC00003634 /* Info.plist */ = {isa = PBXFileReference; lastKnownFileType = text.plist.xml; path = Info.plist; sourceTree = "<group>"; };
		CDE6B8181FD4E6AC00003634 /* main.m */ = {isa = PBXFileReference; lastKnownFileType = sourcecode.c.objc; path = main.m; sourceTree = "<group>"; };
		CDE6B81E1FD4E6AD00003634 /* HelloRecogitionTests.xctest */ = {isa = PBXFileReference; explicitFileType = wrapper.cfbundle; includeInIndex = 0; path = HelloRecogitionTests.xctest; sourceTree = BUILT_PRODUCTS_DIR; };
		CDE6B8221FD4E6AD00003634 /* HelloRecogitionTests.m */ = {isa = PBXFileReference; lastKnownFileType = sourcecode.c.objc; path = HelloRecogitionTests.m; sourceTree = "<group>"; };
		CDE6B8241FD4E6AD00003634 /* Info.plist */ = {isa = PBXFileReference; lastKnownFileType = text.plist.xml; path = Info.plist; sourceTree = "<group>"; };
		CDE6B8291FD4E6AD00003634 /* HelloRecogitionUITests.xctest */ = {isa = PBXFileReference; explicitFileType = wrapper.cfbundle; includeInIndex = 0; path = HelloRecogitionUITests.xctest; sourceTree = BUILT_PRODUCTS_DIR; };
		CDE6B82D1FD4E6AD00003634 /* HelloRecogitionUITests.m */ = {isa = PBXFileReference; lastKnownFileType = sourcecode.c.objc; path = HelloRecogitionUITests.m; sourceTree = "<group>"; };
		CDE6B82F1FD4E6AD00003634 /* Info.plist */ = {isa = PBXFileReference; lastKnownFileType = text.plist.xml; path = Info.plist; sourceTree = "<group>"; };
/* End PBXFileReference section */

/* Begin PBXFrameworksBuildPhase section */
		CDE6B8031FD4E6AC00003634 /* Frameworks */ = {
			isa = PBXFrameworksBuildPhase;
			buildActionMask = 2147483647;
			files = (
				CC39DC9A378248C237E8325F /* libPods-HelloRecogition.a in Frameworks */,
			);
			runOnlyForDeploymentPostprocessing = 0;
		};
		CDE6B81B1FD4E6AD00003634 /* Frameworks */ = {
			isa = PBXFrameworksBuildPhase;
			buildActionMask = 2147483647;
			files = (
			);
			runOnlyForDeploymentPostprocessing = 0;
		};
		CDE6B8261FD4E6AD00003634 /* Frameworks */ = {
			isa = PBXFrameworksBuildPhase;
			buildActionMask = 2147483647;
			files = (
			);
			runOnlyForDeploymentPostprocessing = 0;
		};
/* End PBXFrameworksBuildPhase section */

/* Begin PBXGroup section */
		2723C64C3FAD86B9B627823F /* Frameworks */ = {
			isa = PBXGroup;
			children = (
				23203F38C16EFF40F16A4E85 /* libPods-HelloRecogition.a */,
			);
			name = Frameworks;
			sourceTree = "<group>";
		};
		6102DCBE226EF65300726054 /* Base */ = {
			isa = PBXGroup;
			children = (
			);
			path = Base;
			sourceTree = "<group>";
		};
		6102DCBF226EF66400726054 /* Manager */ = {
			isa = PBXGroup;
			children = (
			);
			path = Manager;
			sourceTree = "<group>";
		};
		BAFDB8C2842FD33216C1E243 /* Pods */ = {
			isa = PBXGroup;
			children = (
				55E0990D85C3EBB08F1B7509 /* Pods-HelloRecogition.debug.xcconfig */,
				93F84EBE8DADDEAFD41CD86D /* Pods-HelloRecogition.release.xcconfig */,
			);
			name = Pods;
			sourceTree = "<group>";
		};
		CD27606E1FD4F1FB0053D131 /* Category */ = {
			isa = PBXGroup;
			children = (
				CD979AAA216DD0EE009E43C3 /* UICategory */,
				CD2760A81FDA2E340053D131 /* AFNetworkReachabilityManager+NNNetMonitor.h */,
				CD2760A71FDA2E340053D131 /* AFNetworkReachabilityManager+NNNetMonitor.m */,
				CD979AF0216DD479009E43C3 /* UIResponder+Router.h */,
				CD979AF1216DD479009E43C3 /* UIResponder+Router.m */,
			);
			path = Category;
			sourceTree = "<group>";
		};
		CD27606F1FD4F1FB0053D131 /* Net */ = {
			isa = PBXGroup;
			children = (
			);
			path = Net;
			sourceTree = "<group>";
		};
		CD2760701FD4F1FB0053D131 /* Vender */ = {
			isa = PBXGroup;
			children = (
				CD979AB5216DD2C0009E43C3 /* QRCodeScanner */,
				CD979AB1216DD25F009E43C3 /* NSDate+MJ */,
				CD27608E1FD673140053D131 /* SecurityUtil */,
			);
			path = Vender;
			sourceTree = "<group>";
		};
		CD27608E1FD673140053D131 /* SecurityUtil */ = {
			isa = PBXGroup;
			children = (
				CD2760A51FDA29210053D131 /* NSDictionary+JSON.h */,
				CD2760A41FDA29210053D131 /* NSDictionary+JSON.m */,
				CD2760941FD6734B0053D131 /* NSData+AES.h */,
				CD2760961FD6734B0053D131 /* NSData+AES.m */,
				CD2760931FD6734B0053D131 /* NSString+AES.h */,
				CD2760951FD6734B0053D131 /* NSString+AES.m */,
				CD2760911FD6734A0053D131 /* NSString+MD5.h */,
				CD2760921FD6734B0053D131 /* NSString+MD5.m */,
				CD2760901FD673200053D131 /* SecurityUtil.h */,
				CD27608F1FD673200053D131 /* SecurityUtil.m */,
			);
			path = SecurityUtil;
			sourceTree = "<group>";
		};
		CD979AA6216DCFBA009E43C3 /* Controller */ = {
			isa = PBXGroup;
			children = (
				CD979AEC216DD33D009E43C3 /* QRCode */,
			);
			path = Controller;
			sourceTree = "<group>";
		};
		CD979AAA216DD0EE009E43C3 /* UICategory */ = {
			isa = PBXGroup;
			children = (
				CD979AAE216DD175009E43C3 /* UIImage+FEBoxBlur.h */,
				CD979AAF216DD175009E43C3 /* UIImage+FEBoxBlur.m */,
				CD979AAC216DD0FD009E43C3 /* UIViewController+NNUMengEvent.h */,
				CD979AAB216DD0FD009E43C3 /* UIViewController+NNUMengEvent.m */,
			);
			path = UICategory;
			sourceTree = "<group>";
		};
		CD979AB1216DD25F009E43C3 /* NSDate+MJ */ = {
			isa = PBXGroup;
			children = (
				CD979AB2216DD25F009E43C3 /* NSDate+MJ.h */,
				CD979AB3216DD25F009E43C3 /* NSDate+MJ.m */,
			);
			path = "NSDate+MJ";
			sourceTree = "<group>";
		};
		CD979AB5216DD2C0009E43C3 /* QRCodeScanner */ = {
			isa = PBXGroup;
			children = (
				CD979AB6216DD2C0009E43C3 /* CodeScan.bundle */,
				CD979AB7216DD2C0009E43C3 /* NNScanNetAnimation.m */,
				CD979AB8216DD2C0009E43C3 /* NNQRCodeScanner.m */,
				CD979AB9216DD2C0009E43C3 /* NNScanBaseController.h */,
				CD979ABA216DD2C0009E43C3 /* NNScanView.m */,
				CD979ABB216DD2C0009E43C3 /* NNScanStyle.h */,
				CD979ABC216DD2C0009E43C3 /* NNScanLineAnimation.m */,
				CD979ABD216DD2C0009E43C3 /* NNScanVideoZoomView.m */,
				CD979ABE216DD2C0009E43C3 /* NNScannerResult.h */,
				CD979ABF216DD2C0009E43C3 /* NNScanViewStyle.m */,
				CD979AC0216DD2C0009E43C3 /* NNScanBaseController.m */,
				CD979AC1216DD2C0009E43C3 /* NNQRCodeScanner.h */,
				CD979AC2216DD2C0009E43C3 /* NNScanNetAnimation.h */,
				CD979AC3216DD2C0009E43C3 /* NNScanView.h */,
				CD979AC4216DD2C0009E43C3 /* NNScanStyle.m */,
				CD979AC5216DD2C0009E43C3 /* NNScannerResult.m */,
				CD979AC6216DD2C0009E43C3 /* NNScanVideoZoomView.h */,
				CD979AC7216DD2C0009E43C3 /* NNScanLineAnimation.h */,
				CD979AC8216DD2C0009E43C3 /* resource */,
				CD979AD9216DD2C0009E43C3 /* NNScanViewStyle.h */,
			);
			name = QRCodeScanner;
			path = ../../../broodon/NNLetter/Vender/QRCodeScanner;
			sourceTree = "<group>";
		};
		CD979AC8216DD2C0009E43C3 /* resource */ = {
			isa = PBXGroup;
			children = (
				CD979AC9216DD2C0009E43C3 /* nn_beep.m4a */,
				CD979ACA216DD2C0009E43C3 /* libqrencode */,
			);
			path = resource;
			sourceTree = "<group>";
		};
		CD979ACA216DD2C0009E43C3 /* libqrencode */ = {
			isa = PBXGroup;
			children = (
				CD979ACB216DD2C0009E43C3 /* mask.h */,
				CD979ACC216DD2C0009E43C3 /* qrinput.h */,
				CD979ACD216DD2C0009E43C3 /* bitstream.c */,
				CD979ACE216DD2C0009E43C3 /* qrencode.c */,
				CD979ACF216DD2C0009E43C3 /* qrspec.h */,
				CD979AD0216DD2C0009E43C3 /* split.c */,
				CD979AD1216DD2C0009E43C3 /* rscode.h */,
				CD979AD2216DD2C0009E43C3 /* qrinput.c */,
				CD979AD3216DD2C0009E43C3 /* bitstream.h */,
				CD979AD4216DD2C0009E43C3 /* mask.c */,
				CD979AD5216DD2C0009E43C3 /* qrspec.c */,
				CD979AD6216DD2C0009E43C3 /* qrencode.h */,
				CD979AD7216DD2C0009E43C3 /* split.h */,
				CD979AD8216DD2C0009E43C3 /* rscode.c */,
			);
			path = libqrencode;
			sourceTree = "<group>";
		};
		CD979AEC216DD33D009E43C3 /* QRCode */ = {
			isa = PBXGroup;
			children = (
				CD979AED216DD33D009E43C3 /* NNQRScannerController.h */,
				CD979AEE216DD33D009E43C3 /* NNQRScannerController.m */,
			);
			path = QRCode;
			sourceTree = "<group>";
		};
		CDE6B7FD1FD4E6AC00003634 = {
			isa = PBXGroup;
			children = (
				CDE6B8081FD4E6AC00003634 /* HelloRecogition */,
				CDE6B8211FD4E6AD00003634 /* HelloRecogitionTests */,
				CDE6B82C1FD4E6AD00003634 /* HelloRecogitionUITests */,
				CDE6B8071FD4E6AC00003634 /* Products */,
				BAFDB8C2842FD33216C1E243 /* Pods */,
				2723C64C3FAD86B9B627823F /* Frameworks */,
			);
			sourceTree = "<group>";
		};
		CDE6B8071FD4E6AC00003634 /* Products */ = {
			isa = PBXGroup;
			children = (
				CDE6B8061FD4E6AC00003634 /* HelloRecogition.app */,
				CDE6B81E1FD4E6AD00003634 /* HelloRecogitionTests.xctest */,
				CDE6B8291FD4E6AD00003634 /* HelloRecogitionUITests.xctest */,
			);
			name = Products;
			sourceTree = "<group>";
		};
		CDE6B8081FD4E6AC00003634 /* HelloRecogition */ = {
			isa = PBXGroup;
			children = (
				6102DCBF226EF66400726054 /* Manager */,
				6102DCBE226EF65300726054 /* Base */,
				CD979AA6216DCFBA009E43C3 /* Controller */,
				CD27606E1FD4F1FB0053D131 /* Category */,
				CD27606F1FD4F1FB0053D131 /* Net */,
				CD2760701FD4F1FB0053D131 /* Vender */,
				CD27606A1FD4EF960053D131 /* PrefixHeader.pch */,
				CDE6B8091FD4E6AC00003634 /* AppDelegate.h */,
				CDE6B80A1FD4E6AC00003634 /* AppDelegate.m */,
				CDE6B80C1FD4E6AC00003634 /* ViewController.h */,
				CDE6B80D1FD4E6AC00003634 /* ViewController.m */,
				CDE6B80F1FD4E6AC00003634 /* Main.storyboard */,
				CDE6B8121FD4E6AC00003634 /* Assets.xcassets */,
				CDE6B8141FD4E6AC00003634 /* LaunchScreen.storyboard */,
				CDE6B8171FD4E6AC00003634 /* Info.plist */,
				CDE6B8181FD4E6AC00003634 /* main.m */,
			);
			path = HelloRecogition;
			sourceTree = "<group>";
		};
		CDE6B8211FD4E6AD00003634 /* HelloRecogitionTests */ = {
			isa = PBXGroup;
			children = (
				CDE6B8221FD4E6AD00003634 /* HelloRecogitionTests.m */,
				CDE6B8241FD4E6AD00003634 /* Info.plist */,
			);
			path = HelloRecogitionTests;
			sourceTree = "<group>";
		};
		CDE6B82C1FD4E6AD00003634 /* HelloRecogitionUITests */ = {
			isa = PBXGroup;
			children = (
				CDE6B82D1FD4E6AD00003634 /* HelloRecogitionUITests.m */,
				CDE6B82F1FD4E6AD00003634 /* Info.plist */,
			);
			path = HelloRecogitionUITests;
			sourceTree = "<group>";
		};
/* End PBXGroup section */

/* Begin PBXNativeTarget section */
		CDE6B8051FD4E6AC00003634 /* HelloRecogition */ = {
			isa = PBXNativeTarget;
			buildConfigurationList = CDE6B8321FD4E6AD00003634 /* Build configuration list for PBXNativeTarget "HelloRecogition" */;
			buildPhases = (
				3F5DEFDCA960CE325C36E5A7 /* [CP] Check Pods Manifest.lock */,
				CDE6B8021FD4E6AC00003634 /* Sources */,
				CDE6B8031FD4E6AC00003634 /* Frameworks */,
				CDE6B8041FD4E6AC00003634 /* Resources */,
				12BEBA2C13463820B88685F8 /* [CP] Embed Pods Frameworks */,
				C35D71FA2982FA52A1164432 /* [CP] Copy Pods Resources */,
			);
			buildRules = (
			);
			dependencies = (
			);
			name = HelloRecogition;
			productName = HelloRecogition;
			productReference = CDE6B8061FD4E6AC00003634 /* HelloRecogition.app */;
			productType = "com.apple.product-type.application";
		};
		CDE6B81D1FD4E6AD00003634 /* HelloRecogitionTests */ = {
			isa = PBXNativeTarget;
			buildConfigurationList = CDE6B8351FD4E6AD00003634 /* Build configuration list for PBXNativeTarget "HelloRecogitionTests" */;
			buildPhases = (
				CDE6B81A1FD4E6AD00003634 /* Sources */,
				CDE6B81B1FD4E6AD00003634 /* Frameworks */,
				CDE6B81C1FD4E6AD00003634 /* Resources */,
			);
			buildRules = (
			);
			dependencies = (
				CDE6B8201FD4E6AD00003634 /* PBXTargetDependency */,
			);
			name = HelloRecogitionTests;
			productName = HelloRecogitionTests;
			productReference = CDE6B81E1FD4E6AD00003634 /* HelloRecogitionTests.xctest */;
			productType = "com.apple.product-type.bundle.unit-test";
		};
		CDE6B8281FD4E6AD00003634 /* HelloRecogitionUITests */ = {
			isa = PBXNativeTarget;
			buildConfigurationList = CDE6B8381FD4E6AD00003634 /* Build configuration list for PBXNativeTarget "HelloRecogitionUITests" */;
			buildPhases = (
				CDE6B8251FD4E6AD00003634 /* Sources */,
				CDE6B8261FD4E6AD00003634 /* Frameworks */,
				CDE6B8271FD4E6AD00003634 /* Resources */,
			);
			buildRules = (
			);
			dependencies = (
				CDE6B82B1FD4E6AD00003634 /* PBXTargetDependency */,
			);
			name = HelloRecogitionUITests;
			productName = HelloRecogitionUITests;
			productReference = CDE6B8291FD4E6AD00003634 /* HelloRecogitionUITests.xctest */;
			productType = "com.apple.product-type.bundle.ui-testing";
		};
/* End PBXNativeTarget section */

/* Begin PBXProject section */
		CDE6B7FE1FD4E6AC00003634 /* Project object */ = {
			isa = PBXProject;
			attributes = {
				LastUpgradeCheck = 0900;
				ORGANIZATIONNAME = liuyang;
				TargetAttributes = {
					CDE6B8051FD4E6AC00003634 = {
						CreatedOnToolsVersion = 9.0;
						ProvisioningStyle = Automatic;
					};
					CDE6B81D1FD4E6AD00003634 = {
						CreatedOnToolsVersion = 9.0;
						ProvisioningStyle = Automatic;
						TestTargetID = CDE6B8051FD4E6AC00003634;
					};
					CDE6B8281FD4E6AD00003634 = {
						CreatedOnToolsVersion = 9.0;
						ProvisioningStyle = Automatic;
						TestTargetID = CDE6B8051FD4E6AC00003634;
					};
				};
			};
			buildConfigurationList = CDE6B8011FD4E6AC00003634 /* Build configuration list for PBXProject "HelloRecogition" */;
			compatibilityVersion = "Xcode 8.0";
			developmentRegion = en;
			hasScannedForEncodings = 0;
			knownRegions = (
				en,
				Base,
			);
			mainGroup = CDE6B7FD1FD4E6AC00003634;
			productRefGroup = CDE6B8071FD4E6AC00003634 /* Products */;
			projectDirPath = "";
			projectRoot = "";
			targets = (
				CDE6B8051FD4E6AC00003634 /* HelloRecogition */,
				CDE6B81D1FD4E6AD00003634 /* HelloRecogitionTests */,
				CDE6B8281FD4E6AD00003634 /* HelloRecogitionUITests */,
			);
		};
/* End PBXProject section */

/* Begin PBXResourcesBuildPhase section */
		CDE6B8041FD4E6AC00003634 /* Resources */ = {
			isa = PBXResourcesBuildPhase;
			buildActionMask = 2147483647;
			files = (
				CDE6B8161FD4E6AC00003634 /* LaunchScreen.storyboard in Resources */,
				CD979AE4216DD2C0009E43C3 /* nn_beep.m4a in Resources */,
				CDE6B8131FD4E6AC00003634 /* Assets.xcassets in Resources */,
				CDE6B8111FD4E6AC00003634 /* Main.storyboard in Resources */,
				CD979ADA216DD2C0009E43C3 /* CodeScan.bundle in Resources */,
			);
			runOnlyForDeploymentPostprocessing = 0;
		};
		CDE6B81C1FD4E6AD00003634 /* Resources */ = {
			isa = PBXResourcesBuildPhase;
			buildActionMask = 2147483647;
			files = (
			);
			runOnlyForDeploymentPostprocessing = 0;
		};
		CDE6B8271FD4E6AD00003634 /* Resources */ = {
			isa = PBXResourcesBuildPhase;
			buildActionMask = 2147483647;
			files = (
			);
			runOnlyForDeploymentPostprocessing = 0;
		};
/* End PBXResourcesBuildPhase section */

/* Begin PBXShellScriptBuildPhase section */
		12BEBA2C13463820B88685F8 /* [CP] Embed Pods Frameworks */ = {
			isa = PBXShellScriptBuildPhase;
			buildActionMask = 2147483647;
			files = (
			);
			inputPaths = (
			);
			name = "[CP] Embed Pods Frameworks";
			outputPaths = (
			);
			runOnlyForDeploymentPostprocessing = 0;
			shellPath = /bin/sh;
			shellScript = "\"${SRCROOT}/Pods/Target Support Files/Pods-HelloRecogition/Pods-HelloRecogition-frameworks.sh\"\n";
			showEnvVarsInLog = 0;
		};
		3F5DEFDCA960CE325C36E5A7 /* [CP] Check Pods Manifest.lock */ = {
			isa = PBXShellScriptBuildPhase;
			buildActionMask = 2147483647;
			files = (
			);
			inputPaths = (
			);
			name = "[CP] Check Pods Manifest.lock";
			outputPaths = (
			);
			runOnlyForDeploymentPostprocessing = 0;
			shellPath = /bin/sh;
			shellScript = "diff \"${PODS_PODFILE_DIR_PATH}/Podfile.lock\" \"${PODS_ROOT}/Manifest.lock\" > /dev/null\nif [ $? != 0 ] ; then\n    # print error to STDERR\n    echo \"error: The sandbox is not in sync with the Podfile.lock. Run 'pod install' or update your CocoaPods installation.\" >&2\n    exit 1\nfi\n";
			showEnvVarsInLog = 0;
		};
		C35D71FA2982FA52A1164432 /* [CP] Copy Pods Resources */ = {
			isa = PBXShellScriptBuildPhase;
			buildActionMask = 2147483647;
			files = (
			);
			inputPaths = (
			);
			name = "[CP] Copy Pods Resources";
			outputPaths = (
			);
			runOnlyForDeploymentPostprocessing = 0;
			shellPath = /bin/sh;
			shellScript = "\"${SRCROOT}/Pods/Target Support Files/Pods-HelloRecogition/Pods-HelloRecogition-resources.sh\"\n";
			showEnvVarsInLog = 0;
		};
/* End PBXShellScriptBuildPhase section */

/* Begin PBXSourcesBuildPhase section */
		CDE6B8021FD4E6AC00003634 /* Sources */ = {
			isa = PBXSourcesBuildPhase;
			buildActionMask = 2147483647;
			files = (
				CD979AEA216DD2C0009E43C3 /* qrspec.c in Sources */,
				CD979ADF216DD2C0009E43C3 /* NNScanVideoZoomView.m in Sources */,
				CD979AE3216DD2C0009E43C3 /* NNScannerResult.m in Sources */,
				CD979ADC216DD2C0009E43C3 /* NNQRCodeScanner.m in Sources */,
				CD979AE7216DD2C0009E43C3 /* split.c in Sources */,
				CD979ADE216DD2C0009E43C3 /* NNScanLineAnimation.m in Sources */,
				CD979AE0216DD2C0009E43C3 /* NNScanViewStyle.m in Sources */,
				CD979AE6216DD2C0009E43C3 /* qrencode.c in Sources */,
				CD979AE5216DD2C0009E43C3 /* bitstream.c in Sources */,
				CD979AF2216DD479009E43C3 /* UIResponder+Router.m in Sources */,
				CD979AE2216DD2C0009E43C3 /* NNScanStyle.m in Sources */,
				CD979AE9216DD2C0009E43C3 /* mask.c in Sources */,
				CD979AEB216DD2C0009E43C3 /* rscode.c in Sources */,
				CDE6B80E1FD4E6AC00003634 /* ViewController.m in Sources */,
				CD979AE1216DD2C0009E43C3 /* NNScanBaseController.m in Sources */,
				CD979AE8216DD2C0009E43C3 /* qrinput.c in Sources */,
				CD979AEF216DD33D009E43C3 /* NNQRScannerController.m in Sources */,
				CD979AAD216DD0FD009E43C3 /* UIViewController+NNUMengEvent.m in Sources */,
				CD979ADD216DD2C0009E43C3 /* NNScanView.m in Sources */,
				CDE6B8191FD4E6AC00003634 /* main.m in Sources */,
				CD979ADB216DD2C0009E43C3 /* NNScanNetAnimation.m in Sources */,
				CD979AB4216DD25F009E43C3 /* NSDate+MJ.m in Sources */,
				CD979AB0216DD175009E43C3 /* UIImage+FEBoxBlur.m in Sources */,
				CDE6B80B1FD4E6AC00003634 /* AppDelegate.m in Sources */,
			);
			runOnlyForDeploymentPostprocessing = 0;
		};
		CDE6B81A1FD4E6AD00003634 /* Sources */ = {
			isa = PBXSourcesBuildPhase;
			buildActionMask = 2147483647;
			files = (
				CDE6B8231FD4E6AD00003634 /* HelloRecogitionTests.m in Sources */,
			);
			runOnlyForDeploymentPostprocessing = 0;
		};
		CDE6B8251FD4E6AD00003634 /* Sources */ = {
			isa = PBXSourcesBuildPhase;
			buildActionMask = 2147483647;
			files = (
				CDE6B82E1FD4E6AD00003634 /* HelloRecogitionUITests.m in Sources */,
			);
			runOnlyForDeploymentPostprocessing = 0;
		};
/* End PBXSourcesBuildPhase section */

/* Begin PBXTargetDependency section */
		CDE6B8201FD4E6AD00003634 /* PBXTargetDependency */ = {
			isa = PBXTargetDependency;
			target = CDE6B8051FD4E6AC00003634 /* HelloRecogition */;
			targetProxy = CDE6B81F1FD4E6AD00003634 /* PBXContainerItemProxy */;
		};
		CDE6B82B1FD4E6AD00003634 /* PBXTargetDependency */ = {
			isa = PBXTargetDependency;
			target = CDE6B8051FD4E6AC00003634 /* HelloRecogition */;
			targetProxy = CDE6B82A1FD4E6AD00003634 /* PBXContainerItemProxy */;
		};
/* End PBXTargetDependency section */

/* Begin PBXVariantGroup section */
		CDE6B80F1FD4E6AC00003634 /* Main.storyboard */ = {
			isa = PBXVariantGroup;
			children = (
				CDE6B8101FD4E6AC00003634 /* Base */,
			);
			name = Main.storyboard;
			sourceTree = "<group>";
		};
		CDE6B8141FD4E6AC00003634 /* LaunchScreen.storyboard */ = {
			isa = PBXVariantGroup;
			children = (
				CDE6B8151FD4E6AC00003634 /* Base */,
			);
			name = LaunchScreen.storyboard;
			sourceTree = "<group>";
		};
/* End PBXVariantGroup section */

/* Begin XCBuildConfiguration section */
		CDE6B8301FD4E6AD00003634 /* Debug */ = {
			isa = XCBuildConfiguration;
			buildSettings = {
				ALWAYS_SEARCH_USER_PATHS = NO;
				CLANG_ANALYZER_NONNULL = YES;
				CLANG_ANALYZER_NUMBER_OBJECT_CONVERSION = YES_AGGRESSIVE;
				CLANG_CXX_LANGUAGE_STANDARD = "gnu++14";
				CLANG_CXX_LIBRARY = "libc++";
				CLANG_ENABLE_MODULES = YES;
				CLANG_ENABLE_OBJC_ARC = YES;
				CLANG_WARN_BLOCK_CAPTURE_AUTORELEASING = YES;
				CLANG_WARN_BOOL_CONVERSION = YES;
				CLANG_WARN_COMMA = YES;
				CLANG_WARN_CONSTANT_CONVERSION = YES;
				CLANG_WARN_DIRECT_OBJC_ISA_USAGE = YES_ERROR;
				CLANG_WARN_DOCUMENTATION_COMMENTS = YES;
				CLANG_WARN_EMPTY_BODY = YES;
				CLANG_WARN_ENUM_CONVERSION = YES;
				CLANG_WARN_INFINITE_RECURSION = YES;
				CLANG_WARN_INT_CONVERSION = YES;
				CLANG_WARN_NON_LITERAL_NULL_CONVERSION = YES;
				CLANG_WARN_OBJC_LITERAL_CONVERSION = YES;
				CLANG_WARN_OBJC_ROOT_CLASS = YES_ERROR;
				CLANG_WARN_RANGE_LOOP_ANALYSIS = YES;
				CLANG_WARN_STRICT_PROTOTYPES = YES;
				CLANG_WARN_SUSPICIOUS_MOVE = YES;
				CLANG_WARN_UNGUARDED_AVAILABILITY = YES_AGGRESSIVE;
				CLANG_WARN_UNREACHABLE_CODE = YES;
				CLANG_WARN__DUPLICATE_METHOD_MATCH = YES;
				CODE_SIGN_IDENTITY = "iPhone Developer";
				COPY_PHASE_STRIP = NO;
				DEBUG_INFORMATION_FORMAT = dwarf;
				ENABLE_STRICT_OBJC_MSGSEND = YES;
				ENABLE_TESTABILITY = YES;
				GCC_C_LANGUAGE_STANDARD = gnu11;
				GCC_DYNAMIC_NO_PIC = NO;
				GCC_NO_COMMON_BLOCKS = YES;
				GCC_OPTIMIZATION_LEVEL = 0;
				GCC_PREPROCESSOR_DEFINITIONS = (
					"DEBUG=1",
					"$(inherited)",
				);
				GCC_WARN_64_TO_32_BIT_CONVERSION = YES;
				GCC_WARN_ABOUT_RETURN_TYPE = YES_ERROR;
				GCC_WARN_UNDECLARED_SELECTOR = YES;
				GCC_WARN_UNINITIALIZED_AUTOS = YES_AGGRESSIVE;
				GCC_WARN_UNUSED_FUNCTION = YES;
				GCC_WARN_UNUSED_VARIABLE = YES;
				IPHONEOS_DEPLOYMENT_TARGET = 11.0;
				MTL_ENABLE_DEBUG_INFO = YES;
				ONLY_ACTIVE_ARCH = YES;
				SDKROOT = iphoneos;
			};
			name = Debug;
		};
		CDE6B8311FD4E6AD00003634 /* Release */ = {
			isa = XCBuildConfiguration;
			buildSettings = {
				ALWAYS_SEARCH_USER_PATHS = NO;
				CLANG_ANALYZER_NONNULL = YES;
				CLANG_ANALYZER_NUMBER_OBJECT_CONVERSION = YES_AGGRESSIVE;
				CLANG_CXX_LANGUAGE_STANDARD = "gnu++14";
				CLANG_CXX_LIBRARY = "libc++";
				CLANG_ENABLE_MODULES = YES;
				CLANG_ENABLE_OBJC_ARC = YES;
				CLANG_WARN_BLOCK_CAPTURE_AUTORELEASING = YES;
				CLANG_WARN_BOOL_CONVERSION = YES;
				CLANG_WARN_COMMA = YES;
				CLANG_WARN_CONSTANT_CONVERSION = YES;
				CLANG_WARN_DIRECT_OBJC_ISA_USAGE = YES_ERROR;
				CLANG_WARN_DOCUMENTATION_COMMENTS = YES;
				CLANG_WARN_EMPTY_BODY = YES;
				CLANG_WARN_ENUM_CONVERSION = YES;
				CLANG_WARN_INFINITE_RECURSION = YES;
				CLANG_WARN_INT_CONVERSION = YES;
				CLANG_WARN_NON_LITERAL_NULL_CONVERSION = YES;
				CLANG_WARN_OBJC_LITERAL_CONVERSION = YES;
				CLANG_WARN_OBJC_ROOT_CLASS = YES_ERROR;
				CLANG_WARN_RANGE_LOOP_ANALYSIS = YES;
				CLANG_WARN_STRICT_PROTOTYPES = YES;
				CLANG_WARN_SUSPICIOUS_MOVE = YES;
				CLANG_WARN_UNGUARDED_AVAILABILITY = YES_AGGRESSIVE;
				CLANG_WARN_UNREACHABLE_CODE = YES;
				CLANG_WARN__DUPLICATE_METHOD_MATCH = YES;
				CODE_SIGN_IDENTITY = "iPhone Developer";
				COPY_PHASE_STRIP = NO;
				DEBUG_INFORMATION_FORMAT = "dwarf-with-dsym";
				ENABLE_NS_ASSERTIONS = NO;
				ENABLE_STRICT_OBJC_MSGSEND = YES;
				GCC_C_LANGUAGE_STANDARD = gnu11;
				GCC_NO_COMMON_BLOCKS = YES;
				GCC_WARN_64_TO_32_BIT_CONVERSION = YES;
				GCC_WARN_ABOUT_RETURN_TYPE = YES_ERROR;
				GCC_WARN_UNDECLARED_SELECTOR = YES;
				GCC_WARN_UNINITIALIZED_AUTOS = YES_AGGRESSIVE;
				GCC_WARN_UNUSED_FUNCTION = YES;
				GCC_WARN_UNUSED_VARIABLE = YES;
				IPHONEOS_DEPLOYMENT_TARGET = 11.0;
				MTL_ENABLE_DEBUG_INFO = NO;
				SDKROOT = iphoneos;
				VALIDATE_PRODUCT = YES;
			};
			name = Release;
		};
		CDE6B8331FD4E6AD00003634 /* Debug */ = {
			isa = XCBuildConfiguration;
			baseConfigurationReference = 55E0990D85C3EBB08F1B7509 /* Pods-HelloRecogition.debug.xcconfig */;
			buildSettings = {
				ASSETCATALOG_COMPILER_APPICON_NAME = AppIcon;
				CODE_SIGN_STYLE = Automatic;
				DEVELOPMENT_TEAM = 5VT2HA6RB8;
				EXECUTABLE_PREFIX = "";
				GCC_PREFIX_HEADER = "$(PROJECT_DIR)/HelloRecogition/PrefixHeader.pch";
				INFOPLIST_FILE = HelloRecogition/Info.plist;
				LD_RUNPATH_SEARCH_PATHS = "$(inherited) @executable_path/Frameworks";
				PRODUCT_BUNDLE_IDENTIFIER = artystyle.HelloRecogition;
				PRODUCT_NAME = "$(TARGET_NAME)";
				TARGETED_DEVICE_FAMILY = "1,2";
			};
			name = Debug;
		};
		CDE6B8341FD4E6AD00003634 /* Release */ = {
			isa = XCBuildConfiguration;
			baseConfigurationReference = 93F84EBE8DADDEAFD41CD86D /* Pods-HelloRecogition.release.xcconfig */;
			buildSettings = {
				ASSETCATALOG_COMPILER_APPICON_NAME = AppIcon;
				CODE_SIGN_STYLE = Automatic;
				DEVELOPMENT_TEAM = 5VT2HA6RB8;
				EXECUTABLE_PREFIX = "";
				GCC_PREFIX_HEADER = "$(PROJECT_DIR)/HelloRecogition/PrefixHeader.pch";
				INFOPLIST_FILE = HelloRecogition/Info.plist;
				LD_RUNPATH_SEARCH_PATHS = "$(inherited) @executable_path/Frameworks";
				PRODUCT_BUNDLE_IDENTIFIER = artystyle.HelloRecogition;
				PRODUCT_NAME = "$(TARGET_NAME)";
				TARGETED_DEVICE_FAMILY = "1,2";
			};
			name = Release;
		};
		CDE6B8361FD4E6AD00003634 /* Debug */ = {
			isa = XCBuildConfiguration;
			buildSettings = {
				BUNDLE_LOADER = "$(TEST_HOST)";
				CODE_SIGN_STYLE = Automatic;
				INFOPLIST_FILE = HelloRecogitionTests/Info.plist;
				LD_RUNPATH_SEARCH_PATHS = "$(inherited) @executable_path/Frameworks @loader_path/Frameworks";
				PRODUCT_BUNDLE_IDENTIFIER = artystyle.HelloRecogitionTests;
				PRODUCT_NAME = "$(TARGET_NAME)";
				TARGETED_DEVICE_FAMILY = "1,2";
				TEST_HOST = "$(BUILT_PRODUCTS_DIR)/HelloRecogition.app/HelloRecogition";
			};
			name = Debug;
		};
		CDE6B8371FD4E6AD00003634 /* Release */ = {
			isa = XCBuildConfiguration;
			buildSettings = {
				BUNDLE_LOADER = "$(TEST_HOST)";
				CODE_SIGN_STYLE = Automatic;
				INFOPLIST_FILE = HelloRecogitionTests/Info.plist;
				LD_RUNPATH_SEARCH_PATHS = "$(inherited) @executable_path/Frameworks @loader_path/Frameworks";
				PRODUCT_BUNDLE_IDENTIFIER = artystyle.HelloRecogitionTests;
				PRODUCT_NAME = "$(TARGET_NAME)";
				TARGETED_DEVICE_FAMILY = "1,2";
				TEST_HOST = "$(BUILT_PRODUCTS_DIR)/HelloRecogition.app/HelloRecogition";
			};
			name = Release;
		};
		CDE6B8391FD4E6AD00003634 /* Debug */ = {
			isa = XCBuildConfiguration;
			buildSettings = {
				CODE_SIGN_STYLE = Automatic;
				INFOPLIST_FILE = HelloRecogitionUITests/Info.plist;
				LD_RUNPATH_SEARCH_PATHS = "$(inherited) @executable_path/Frameworks @loader_path/Frameworks";
				PRODUCT_BUNDLE_IDENTIFIER = artystyle.HelloRecogitionUITests;
				PRODUCT_NAME = "$(TARGET_NAME)";
				TARGETED_DEVICE_FAMILY = "1,2";
				TEST_TARGET_NAME = HelloRecogition;
			};
			name = Debug;
		};
		CDE6B83A1FD4E6AD00003634 /* Release */ = {
			isa = XCBuildConfiguration;
			buildSettings = {
				CODE_SIGN_STYLE = Automatic;
				INFOPLIST_FILE = HelloRecogitionUITests/Info.plist;
				LD_RUNPATH_SEARCH_PATHS = "$(inherited) @executable_path/Frameworks @loader_path/Frameworks";
				PRODUCT_BUNDLE_IDENTIFIER = artystyle.HelloRecogitionUITests;
				PRODUCT_NAME = "$(TARGET_NAME)";
				TARGETED_DEVICE_FAMILY = "1,2";
				TEST_TARGET_NAME = HelloRecogition;
			};
			name = Release;
		};
/* End XCBuildConfiguration section */

/* Begin XCConfigurationList section */
		CDE6B8011FD4E6AC00003634 /* Build configuration list for PBXProject "HelloRecogition" */ = {
			isa = XCConfigurationList;
			buildConfigurations = (
				CDE6B8301FD4E6AD00003634 /* Debug */,
				CDE6B8311FD4E6AD00003634 /* Release */,
			);
			defaultConfigurationIsVisible = 0;
			defaultConfigurationName = Release;
		};
		CDE6B8321FD4E6AD00003634 /* Build configuration list for PBXNativeTarget "HelloRecogition" */ = {
			isa = XCConfigurationList;
			buildConfigurations = (
				CDE6B8331FD4E6AD00003634 /* Debug */,
				CDE6B8341FD4E6AD00003634 /* Release */,
			);
			defaultConfigurationIsVisible = 0;
			defaultConfigurationName = Release;
		};
		CDE6B8351FD4E6AD00003634 /* Build configuration list for PBXNativeTarget "HelloRecogitionTests" */ = {
			isa = XCConfigurationList;
			buildConfigurations = (
				CDE6B8361FD4E6AD00003634 /* Debug */,
				CDE6B8371FD4E6AD00003634 /* Release */,
			);
			defaultConfigurationIsVisible = 0;
			defaultConfigurationName = Release;
		};
		CDE6B8381FD4E6AD00003634 /* Build configuration list for PBXNativeTarget "HelloRecogitionUITests" */ = {
			isa = XCConfigurationList;
			buildConfigurations = (
				CDE6B8391FD4E6AD00003634 /* Debug */,
				CDE6B83A1FD4E6AD00003634 /* Release */,
			);
			defaultConfigurationIsVisible = 0;
			defaultConfigurationName = Release;
		};
/* End XCConfigurationList section */
	};
	rootObject = CDE6B7FE1FD4E6AC00003634 /* Project object */;
}
